
Microsoft Visual Studio Solution File, Format Version 12.00
# Visual Studio Version 17
VisualStudioVersion = 17.8.34322.80
MinimumVisualStudioVersion = 10.0.40219.1
Project("{9A19103F-16F7-4668-BE54-9A1E7A4F7556}") = "HSPFrontTest", "HSPFrontTest\HSPFrontTest.csproj", "{336498A0-D812-4823-B6D4-A440C7225630}"
EndProject
Project("{FAE04EC0-301F-11D3-BF4B-00C04F79EFBC}") = "ServicePatient", "ServicePatient\ServicePatient.csproj", "{C21DFAEA-C37E-4724-B983-68F1F6733DB1}"
EndProject
Project("{FAE04EC0-301F-11D3-BF4B-00C04F79EFBC}") = "ServiceMedecin", "ServiceMedecin\ServiceMedecin.csproj", "{3B9A5FEB-617A-4E18-9F62-58C775266B20}"
EndProject
Project("{FAE04EC0-301F-11D3-BF4B-00C04F79EFBC}") = "ServiceRendezvous", "ServiceRendezvous\ServiceRendezvous.csproj", "{3A1A5B39-88D7-4182-A33E-29FB8373AFA1}"
EndProject
Project("{FAE04EC0-301F-11D3-BF4B-00C04F79EFBC}") = "ApiGateway", "ApiGateway\ApiGateway.csproj", "{50C11AA4-69EE-445C-8223-8F611E986FB3}"
EndProject
Global
	GlobalSection(SolutionConfigurationPlatforms) = preSolution
		Debug|Any CPU = Debug|Any CPU
		Release|Any CPU = Release|Any CPU
	EndGlobalSection
	GlobalSection(ProjectConfigurationPlatforms) = postSolution
		{336498A0-D812-4823-B6D4-A440C7225630}.Debug|Any CPU.ActiveCfg = Debug|Any CPU
		{336498A0-D812-4823-B6D4-A440C7225630}.Debug|Any CPU.Build.0 = Debug|Any CPU
		{336498A0-D812-4823-B6D4-A440C7225630}.Release|Any CPU.ActiveCfg = Release|Any CPU
		{336498A0-D812-4823-B6D4-A440C7225630}.Release|Any CPU.Build.0 = Release|Any CPU
		{C21DFAEA-C37E-4724-B983-68F1F6733DB1}.Debug|Any CPU.ActiveCfg = Debug|Any CPU
		{C21DFAEA-C37E-4724-B983-68F1F6733DB1}.Debug|Any CPU.Build.0 = Debug|Any CPU
		{C21DFAEA-C37E-4724-B983-68F1F6733DB1}.Release|Any CPU.ActiveCfg = Release|Any CPU
		{C21DFAEA-C37E-4724-B983-68F1F6733DB1}.Release|Any CPU.Build.0 = Release|Any CPU
		{3B9A5FEB-617A-4E18-9F62-58C775266B20}.Debug|Any CPU.ActiveCfg = Debug|Any CPU
		{3B9A5FEB-617A-4E18-9F62-58C775266B20}.Debug|Any CPU.Build.0 = Debug|Any CPU
		{3B9A5FEB-617A-4E18-9F62-58C775266B20}.Release|Any CPU.ActiveCfg = Release|Any CPU
		{3B9A5FEB-617A-4E18-9F62-58C775266B20}.Release|Any CPU.Build.0 = Release|Any CPU
		{3A1A5B39-88D7-4182-A33E-29FB8373AFA1}.Debug|Any CPU.ActiveCfg = Debug|Any CPU
		{3A1A5B39-88D7-4182-A33E-29FB8373AFA1}.Debug|Any CPU.Build.0 = Debug|Any CPU
		{3A1A5B39-88D7-4182-A33E-29FB8373AFA1}.Release|Any CPU.ActiveCfg = Release|Any CPU
		{3A1A5B39-88D7-4182-A33E-29FB8373AFA1}.Release|Any CPU.Build.0 = Release|Any CPU
		{50C11AA4-69EE-445C-8223-8F611E986FB3}.Debug|Any CPU.ActiveCfg = Debug|Any CPU
		{50C11AA4-69EE-445C-8223-8F611E986FB3}.Debug|Any CPU.Build.0 = Debug|Any CPU
		{50C11AA4-69EE-445C-8223-8F611E986FB3}.Release|Any CPU.ActiveCfg = Release|Any CPU
		{50C11AA4-69EE-445C-8223-8F611E986FB3}.Release|Any CPU.Build.0 = Release|Any CPU
	EndGlobalSection
	GlobalSection(SolutionProperties) = preSolution
		HideSolutionNode = FALSE
	EndGlobalSection
	GlobalSection(ExtensibilityGlobals) = postSolution
		SolutionGuid = {6BEC1210-4A51-44C0-8305-4FF270654C08}
	EndGlobalSection
EndGlobal
